// !$*UTF8*$!
{
	archiveVersion = 1;
	classes = {
	};
	objectVersion = 50;
	objects = {

/* Begin PBXBuildFile section */
		9905D308248E010D00A23445 /* Array+Only.swift in Sources */ = {isa = PBXBuildFile; fileRef = 9905D307248E010D00A23445 /* Array+Only.swift */; };
		99B866082474C4A2007A12B0 /* AppDelegate.swift in Sources */ = {isa = PBXBuildFile; fileRef = 99B866072474C4A2007A12B0 /* AppDelegate.swift */; };
		99B8660A2474C4A2007A12B0 /* SceneDelegate.swift in Sources */ = {isa = PBXBuildFile; fileRef = 99B866092474C4A2007A12B0 /* SceneDelegate.swift */; };
		99B8660C2474C4A2007A12B0 /* EmojiMemoryGameView.swift in Sources */ = {isa = PBXBuildFile; fileRef = 99B8660B2474C4A2007A12B0 /* EmojiMemoryGameView.swift */; };
		99B8660E2474C4A4007A12B0 /* Assets.xcassets in Resources */ = {isa = PBXBuildFile; fileRef = 99B8660D2474C4A4007A12B0 /* Assets.xcassets */; };
		99B866112474C4A4007A12B0 /* Preview Assets.xcassets in Resources */ = {isa = PBXBuildFile; fileRef = 99B866102474C4A4007A12B0 /* Preview Assets.xcassets */; };
		99B866142474C4A4007A12B0 /* LaunchScreen.storyboard in Resources */ = {isa = PBXBuildFile; fileRef = 99B866122474C4A4007A12B0 /* LaunchScreen.storyboard */; };
		99B8FDC624763AD900988F57 /* MemoryGame.swift in Sources */ = {isa = PBXBuildFile; fileRef = 99B8FDC524763AD900988F57 /* MemoryGame.swift */; };
		99B8FDC824763EC000988F57 /* EmojiMemoryGame.swift in Sources */ = {isa = PBXBuildFile; fileRef = 99B8FDC724763EC000988F57 /* EmojiMemoryGame.swift */; };
		99D85A8624842F9B0042040D /* Grid.swift in Sources */ = {isa = PBXBuildFile; fileRef = 99D85A8524842F9B0042040D /* Grid.swift */; };
		99D85A882484387F0042040D /* GridLayout.swift in Sources */ = {isa = PBXBuildFile; fileRef = 99D85A872484387E0042040D /* GridLayout.swift */; };
		99D85A8A24843EDB0042040D /* Array+Identifiable.swift in Sources */ = {isa = PBXBuildFile; fileRef = 99D85A8924843EDB0042040D /* Array+Identifiable.swift */; };
/* End PBXBuildFile section */

/* Begin PBXFileReference section */
		9905D307248E010D00A23445 /* Array+Only.swift */ = {isa = PBXFileReference; lastKnownFileType = sourcecode.swift; path = "Array+Only.swift"; sourceTree = "<group>"; };
		99B866042474C4A2007A12B0 /* Memorize.app */ = {isa = PBXFileReference; explicitFileType = wrapper.application; includeInIndex = 0; path = Memorize.app; sourceTree = BUILT_PRODUCTS_DIR; };
		99B866072474C4A2007A12B0 /* AppDelegate.swift */ = {isa = PBXFileReference; lastKnownFileType = sourcecode.swift; path = AppDelegate.swift; sourceTree = "<group>"; };
		99B866092474C4A2007A12B0 /* SceneDelegate.swift */ = {isa = PBXFileReference; lastKnownFileType = sourcecode.swift; path = SceneDelegate.swift; sourceTree = "<group>"; };
		99B8660B2474C4A2007A12B0 /* EmojiMemoryGameView.swift */ = {isa = PBXFileReference; lastKnownFileType = sourcecode.swift; path = EmojiMemoryGameView.swift; sourceTree = "<group>"; };
		99B8660D2474C4A4007A12B0 /* Assets.xcassets */ = {isa = PBXFileReference; lastKnownFileType = folder.assetcatalog; path = Assets.xcassets; sourceTree = "<group>"; };
		99B866102474C4A4007A12B0 /* Preview Assets.xcassets */ = {isa = PBXFileReference; lastKnownFileType = folder.assetcatalog; path = "Preview Assets.xcassets"; sourceTree = "<group>"; };
		99B866132474C4A4007A12B0 /* Base */ = {isa = PBXFileReference; lastKnownFileType = file.storyboard; name = Base; path = Base.lproj/LaunchScreen.storyboard; sourceTree = "<group>"; };
		99B866152474C4A4007A12B0 /* Info.plist */ = {isa = PBXFileReference; lastKnownFileType = text.plist.xml; path = Info.plist; sourceTree = "<group>"; };
		99B8FDC524763AD900988F57 /* MemoryGame.swift */ = {isa = PBXFileReference; lastKnownFileType = sourcecode.swift; path = MemoryGame.swift; sourceTree = "<group>"; };
		99B8FDC724763EC000988F57 /* EmojiMemoryGame.swift */ = {isa = PBXFileReference; lastKnownFileType = sourcecode.swift; path = EmojiMemoryGame.swift; sourceTree = "<group>"; };
		99D85A8524842F9B0042040D /* Grid.swift */ = {isa = PBXFileReference; lastKnownFileType = sourcecode.swift; path = Grid.swift; sourceTree = "<group>"; };
		99D85A872484387E0042040D /* GridLayout.swift */ = {isa = PBXFileReference; fileEncoding = 4; lastKnownFileType = sourcecode.swift; path = GridLayout.swift; sourceTree = "<group>"; };
		99D85A8924843EDB0042040D /* Array+Identifiable.swift */ = {isa = PBXFileReference; lastKnownFileType = sourcecode.swift; path = "Array+Identifiable.swift"; sourceTree = "<group>"; };
/* End PBXFileReference section */

/* Begin PBXFrameworksBuildPhase section */
		99B866012474C4A2007A12B0 /* Frameworks */ = {
			isa = PBXFrameworksBuildPhase;
			buildActionMask = 2147483647;
			files = (
			);
			runOnlyForDeploymentPostprocessing = 0;
		};
/* End PBXFrameworksBuildPhase section */

/* Begin PBXGroup section */
		99B865FB2474C4A2007A12B0 = {
			isa = PBXGroup;
			children = (
				99B866062474C4A2007A12B0 /* Memorize */,
				99B866052474C4A2007A12B0 /* Products */,
			);
			sourceTree = "<group>";
		};
		99B866052474C4A2007A12B0 /* Products */ = {
			isa = PBXGroup;
			children = (
				99B866042474C4A2007A12B0 /* Memorize.app */,
			);
			name = Products;
			sourceTree = "<group>";
		};
		99B866062474C4A2007A12B0 /* Memorize */ = {
			isa = PBXGroup;
			children = (
				99B8FDC524763AD900988F57 /* MemoryGame.swift */,
				9905D307248E010D00A23445 /* Array+Only.swift */,
				99B8FDC724763EC000988F57 /* EmojiMemoryGame.swift */,
				99B866072474C4A2007A12B0 /* AppDelegate.swift */,
				99B866092474C4A2007A12B0 /* SceneDelegate.swift */,
				99B8660B2474C4A2007A12B0 /* EmojiMemoryGameView.swift */,
				99D85A872484387E0042040D /* GridLayout.swift */,
				99D85A8524842F9B0042040D /* Grid.swift */,
				99D85A8924843EDB0042040D /* Array+Identifiable.swift */,
				99B8660D2474C4A4007A12B0 /* Assets.xcassets */,
				99B866122474C4A4007A12B0 /* LaunchScreen.storyboard */,
				99B866152474C4A4007A12B0 /* Info.plist */,
				99B8660F2474C4A4007A12B0 /* Preview Content */,
			);
			path = Memorize;
			sourceTree = "<group>";
		};
		99B8660F2474C4A4007A12B0 /* Preview Content */ = {
			isa = PBXGroup;
			children = (
				99B866102474C4A4007A12B0 /* Preview Assets.xcassets */,
			);
			path = "Preview Content";
			sourceTree = "<group>";
		};
/* End PBXGroup section */

/* Begin PBXNativeTarget section */
		99B866032474C4A2007A12B0 /* Memorize */ = {
			isa = PBXNativeTarget;
			buildConfigurationList = 99B866182474C4A4007A12B0 /* Build configuration list for PBXNativeTarget "Memorize" */;
			buildPhases = (
				99B866002474C4A2007A12B0 /* Sources */,
				99B866012474C4A2007A12B0 /* Frameworks */,
				99B866022474C4A2007A12B0 /* Resources */,
			);
			buildRules = (
			);
			dependencies = (
			);
			name = Memorize;
			productName = Memorize;
			productReference = 99B866042474C4A2007A12B0 /* Memorize.app */;
			productType = "com.apple.product-type.application";
		};
/* End PBXNativeTarget section */

/* Begin PBXProject section */
		99B865FC2474C4A2007A12B0 /* Project object */ = {
			isa = PBXProject;
			attributes = {
				LastSwiftUpdateCheck = 1140;
				LastUpgradeCheck = 1140;
				ORGANIZATIONNAME = "Bradley Zellman";
				TargetAttributes = {
					99B866032474C4A2007A12B0 = {
						CreatedOnToolsVersion = 11.4.1;
					};
				};
			};
			buildConfigurationList = 99B865FF2474C4A2007A12B0 /* Build configuration list for PBXProject "Memorize" */;
			compatibilityVersion = "Xcode 9.3";
			developmentRegion = en;
			hasScannedForEncodings = 0;
			knownRegions = (
				en,
				Base,
			);
			mainGroup = 99B865FB2474C4A2007A12B0;
			productRefGroup = 99B866052474C4A2007A12B0 /* Products */;
			projectDirPath = "";
			projectRoot = "";
			targets = (
				99B866032474C4A2007A12B0 /* Memorize */,
			);
		};
/* End PBXProject section */

/* Begin PBXResourcesBuildPhase section */
		99B866022474C4A2007A12B0 /* Resources */ = {
			isa = PBXResourcesBuildPhase;
			buildActionMask = 2147483647;
			files = (
				99B866142474C4A4007A12B0 /* LaunchScreen.storyboard in Resources */,
				99B866112474C4A4007A12B0 /* Preview Assets.xcassets in Resources */,
				99B8660E2474C4A4007A12B0 /* Assets.xcassets in Resources */,
			);
			runOnlyForDeploymentPostprocessing = 0;
		};
/* End PBXResourcesBuildPhase section */

/* Begin PBXSourcesBuildPhase section */
		99B866002474C4A2007A12B0 /* Sources */ = {
			isa = PBXSourcesBuildPhase;
			buildActionMask = 2147483647;
			files = (
				99B866082474C4A2007A12B0 /* AppDelegate.swift in Sources */,
				99B8660A2474C4A2007A12B0 /* SceneDelegate.swift in Sources */,
				99B8FDC624763AD900988F57 /* MemoryGame.swift in Sources */,
				9905D308248E010D00A23445 /* Array+Only.swift in Sources */,
				99B8660C2474C4A2007A12B0 /* EmojiMemoryGameView.swift in Sources */,
				99B8FDC824763EC000988F57 /* EmojiMemoryGame.swift in Sources */,
				99D85A8A24843EDB0042040D /* Array+Identifiable.swift in Sources */,
				99D85A882484387F0042040D /* GridLayout.swift in Sources */,
				99D85A8624842F9B0042040D /* Grid.swift in Sources */,
			);
			runOnlyForDeploymentPostprocessing = 0;
		};
/* End PBXSourcesBuildPhase section */

/* Begin PBXVariantGroup section */
		99B866122474C4A4007A12B0 /* LaunchScreen.storyboard */ = {
			isa = PBXVariantGroup;
			children = (
				99B866132474C4A4007A12B0 /* Base */,
			);
			name = LaunchScreen.storyboard;
			sourceTree = "<group>";
		};
/* End PBXVariantGroup section */

/* Begin XCBuildConfiguration section */
		99B866162474C4A4007A12B0 /* Debug */ = {
			isa = XCBuildConfiguration;
			buildSettings = {
				ALWAYS_SEARCH_USER_PATHS = NO;
				CLANG_ANALYZER_NONNULL = YES;
				CLANG_ANALYZER_NUMBER_OBJECT_CONVERSION = YES_AGGRESSIVE;
				CLANG_CXX_LANGUAGE_STANDARD = "gnu++14";
				CLANG_CXX_LIBRARY = "libc++";
				CLANG_ENABLE_MODULES = YES;
				CLANG_ENABLE_OBJC_ARC = YES;
				CLANG_ENABLE_OBJC_WEAK = YES;
				CLANG_WARN_BLOCK_CAPTURE_AUTORELEASING = YES;
				CLANG_WARN_BOOL_CONVERSION = YES;
				CLANG_WARN_COMMA = YES;
				CLANG_WARN_CONSTANT_CONVERSION = YES;
				CLANG_WARN_DEPRECATED_OBJC_IMPLEMENTATIONS = YES;
				CLANG_WARN_DIRECT_OBJC_ISA_USAGE = YES_ERROR;
				CLANG_WARN_DOCUMENTATION_COMMENTS = YES;
				CLANG_WARN_EMPTY_BODY = YES;
				CLANG_WARN_ENUM_CONVERSION = YES;
				CLANG_WARN_INFINITE_RECURSION = YES;
				CLANG_WARN_INT_CONVERSION = YES;
				CLANG_WARN_NON_LITERAL_NULL_CONVERSION = YES;
				CLANG_WARN_OBJC_IMPLICIT_RETAIN_SELF = YES;
				CLANG_WARN_OBJC_LITERAL_CONVERSION = YES;
				CLANG_WARN_OBJC_ROOT_CLASS = YES_ERROR;
				CLANG_WARN_RANGE_LOOP_ANALYSIS = YES;
				CLANG_WARN_STRICT_PROTOTYPES = YES;
				CLANG_WARN_SUSPICIOUS_MOVE = YES;
				CLANG_WARN_UNGUARDED_AVAILABILITY = YES_AGGRESSIVE;
				CLANG_WARN_UNREACHABLE_CODE = YES;
				CLANG_WARN__DUPLICATE_METHOD_MATCH = YES;
				COPY_PHASE_STRIP = NO;
				DEBUG_INFORMATION_FORMAT = dwarf;
				ENABLE_STRICT_OBJC_MSGSEND = YES;
				ENABLE_TESTABILITY = YES;
				GCC_C_LANGUAGE_STANDARD = gnu11;
				GCC_DYNAMIC_NO_PIC = NO;
				GCC_NO_COMMON_BLOCKS = YES;
				GCC_OPTIMIZATION_LEVEL = 0;
				GCC_PREPROCESSOR_DEFINITIONS = (
					"DEBUG=1",
					"$(inherited)",
				);
				GCC_WARN_64_TO_32_BIT_CONVERSION = YES;
				GCC_WARN_ABOUT_RETURN_TYPE = YES_ERROR;
				GCC_WARN_UNDECLARED_SELECTOR = YES;
				GCC_WARN_UNINITIALIZED_AUTOS = YES_AGGRESSIVE;
				GCC_WARN_UNUSED_FUNCTION = YES;
				GCC_WARN_UNUSED_VARIABLE = YES;
				IPHONEOS_DEPLOYMENT_TARGET = 13.4;
				MTL_ENABLE_DEBUG_INFO = INCLUDE_SOURCE;
				MTL_FAST_MATH = YES;
				ONLY_ACTIVE_ARCH = YES;
				SDKROOT = iphoneos;
				SWIFT_ACTIVE_COMPILATION_CONDITIONS = DEBUG;
				SWIFT_OPTIMIZATION_LEVEL = "-Onone";
			};
			name = Debug;
		};
		99B866172474C4A4007A12B0 /* Release */ = {
			isa = XCBuildConfiguration;
			buildSettings = {
				ALWAYS_SEARCH_USER_PATHS = NO;
				CLANG_ANALYZER_NONNULL = YES;
				CLANG_ANALYZER_NUMBER_OBJECT_CONVERSION = YES_AGGRESSIVE;
				CLANG_CXX_LANGUAGE_STANDARD = "gnu++14";
				CLANG_CXX_LIBRARY = "libc++";
				CLANG_ENABLE_MODULES = YES;
				CLANG_ENABLE_OBJC_ARC = YES;
				CLANG_ENABLE_OBJC_WEAK = YES;
				CLANG_WARN_BLOCK_CAPTURE_AUTORELEASING = YES;
				CLANG_WARN_BOOL_CONVERSION = YES;
				CLANG_WARN_COMMA = YES;
				CLANG_WARN_CONSTANT_CONVERSION = YES;
				CLANG_WARN_DEPRECATED_OBJC_IMPLEMENTATIONS = YES;
				CLANG_WARN_DIRECT_OBJC_ISA_USAGE = YES_ERROR;
				CLANG_WARN_DOCUMENTATION_COMMENTS = YES;
				CLANG_WARN_EMPTY_BODY = YES;
				CLANG_WARN_ENUM_CONVERSION = YES;
				CLANG_WARN_INFINITE_RECURSION = YES;
				CLANG_WARN_INT_CONVERSION = YES;
				CLANG_WARN_NON_LITERAL_NULL_CONVERSION = YES;
				CLANG_WARN_OBJC_IMPLICIT_RETAIN_SELF = YES;
				CLANG_WARN_OBJC_LITERAL_CONVERSION = YES;
				CLANG_WARN_OBJC_ROOT_CLASS = YES_ERROR;
				CLANG_WARN_RANGE_LOOP_ANALYSIS = YES;
				CLANG_WARN_STRICT_PROTOTYPES = YES;
				CLANG_WARN_SUSPICIOUS_MOVE = YES;
				CLANG_WARN_UNGUARDED_AVAILABILITY = YES_AGGRESSIVE;
				CLANG_WARN_UNREACHABLE_CODE = YES;
				CLANG_WARN__DUPLICATE_METHOD_MATCH = YES;
				COPY_PHASE_STRIP = NO;
				DEBUG_INFORMATION_FORMAT = "dwarf-with-dsym";
				ENABLE_NS_ASSERTIONS = NO;
				ENABLE_STRICT_OBJC_MSGSEND = YES;
				GCC_C_LANGUAGE_STANDARD = gnu11;
				GCC_NO_COMMON_BLOCKS = YES;
				GCC_WARN_64_TO_32_BIT_CONVERSION = YES;
				GCC_WARN_ABOUT_RETURN_TYPE = YES_ERROR;
				GCC_WARN_UNDECLARED_SELECTOR = YES;
				GCC_WARN_UNINITIALIZED_AUTOS = YES_AGGRESSIVE;
				GCC_WARN_UNUSED_FUNCTION = YES;
				GCC_WARN_UNUSED_VARIABLE = YES;
				IPHONEOS_DEPLOYMENT_TARGET = 13.4;
				MTL_ENABLE_DEBUG_INFO = NO;
				MTL_FAST_MATH = YES;
				SDKROOT = iphoneos;
				SWIFT_COMPILATION_MODE = wholemodule;
				SWIFT_OPTIMIZATION_LEVEL = "-O";
				VALIDATE_PRODUCT = YES;
			};
			name = Release;
		};
		99B866192474C4A4007A12B0 /* Debug */ = {
			isa = XCBuildConfiguration;
			buildSettings = {
				ASSETCATALOG_COMPILER_APPICON_NAME = AppIcon;
				CODE_SIGN_STYLE = Automatic;
				DEVELOPMENT_ASSET_PATHS = "\"Memorize/Preview Content\"";
				DEVELOPMENT_TEAM = 2ZRX2278BV;
				ENABLE_PREVIEWS = YES;
				INFOPLIST_FILE = Memorize/Info.plist;
				LD_RUNPATH_SEARCH_PATHS = (
					"$(inherited)",
					"@executable_path/Frameworks",
				);
				PRODUCT_BUNDLE_IDENTIFIER = com.bradzellman.Memorize;
				PRODUCT_NAME = "$(TARGET_NAME)";
				SWIFT_VERSION = 5.0;
				TARGETED_DEVICE_FAMILY = 1;
			};
			name = Debug;
		};
		99B8661A2474C4A4007A12B0 /* Release */ = {
			isa = XCBuildConfiguration;
			buildSettings = {
				ASSETCATALOG_COMPILER_APPICON_NAME = AppIcon;
				CODE_SIGN_STYLE = Automatic;
				DEVELOPMENT_ASSET_PATHS = "\"Memorize/Preview Content\"";
				DEVELOPMENT_TEAM = 2ZRX2278BV;
				ENABLE_PREVIEWS = YES;
				INFOPLIST_FILE = Memorize/Info.plist;
				LD_RUNPATH_SEARCH_PATHS = (
					"$(inherited)",
					"@executable_path/Frameworks",
				);
				PRODUCT_BUNDLE_IDENTIFIER = com.bradzellman.Memorize;
				PRODUCT_NAME = "$(TARGET_NAME)";
				SWIFT_VERSION = 5.0;
				TARGETED_DEVICE_FAMILY = 1;
			};
			name = Release;
		};
/* End XCBuildConfiguration section */

/* Begin XCConfigurationList section */
		99B865FF2474C4A2007A12B0 /* Build configuration list for PBXProject "Memorize" */ = {
			isa = XCConfigurationList;
			buildConfigurations = (
				99B866162474C4A4007A12B0 /* Debug */,
				99B866172474C4A4007A12B0 /* Release */,
			);
			defaultConfigurationIsVisible = 0;
			defaultConfigurationName = Release;
		};
		99B866182474C4A4007A12B0 /* Build configuration list for PBXNativeTarget "Memorize" */ = {
			isa = XCConfigurationList;
			buildConfigurations = (
				99B866192474C4A4007A12B0 /* Debug */,
				99B8661A2474C4A4007A12B0 /* Release */,
			);
			defaultConfigurationIsVisible = 0;
			defaultConfigurationName = Release;
		};
/* End XCConfigurationList section */
	};
	rootObject = 99B865FC2474C4A2007A12B0 /* Project object */;
}
